
Microsoft Visual Studio Solution File, Format Version 12.00
# Visual Studio Version 17
VisualStudioVersion = 17.13.35931.197 d17.13
MinimumVisualStudioVersion = 10.0.40219.1
Project("{FAE04EC0-301F-11D3-BF4B-00C04F79EFBC}") = "eMudhraRDSA", "eMudhraRDSA.csproj", "{8234B7DF-4A34-470A-8217-268468CFE1DC}"
EndProject
Global
	GlobalSection(SolutionConfigurationPlatforms) = preSolution
		Debug|Any CPU = Debug|Any CPU
		Release|Any CPU = Release|Any CPU
	EndGlobalSection
	GlobalSection(ProjectConfigurationPlatforms) = postSolution
		{8234B7DF-4A34-470A-8217-268468CFE1DC}.Debug|Any CPU.ActiveCfg = Debug|Any CPU
		{8234B7DF-4A34-470A-8217-268468CFE1DC}.Debug|Any CPU.Build.0 = Debug|Any CPU
		{8234B7DF-4A34-470A-8217-268468CFE1DC}.Release|Any CPU.ActiveCfg = Release|Any CPU
		{8234B7DF-4A34-470A-8217-268468CFE1DC}.Release|Any CPU.Build.0 = Release|Any CPU
	EndGlobalSection
	GlobalSection(SolutionProperties) = preSolution
		HideSolutionNode = FALSE
	EndGlobalSection
	GlobalSection(ExtensibilityGlobals) = postSolution
		SolutionGuid = {3B40F514-2987-43AC-B2F0-D93719028FB4}
	EndGlobalSection
EndGlobal
